
Microsoft Visual Studio Solution File, Format Version 12.00
# Visual Studio Version 16
VisualStudioVersion = 16.0.28922.388
MinimumVisualStudioVersion = 10.0.40219.1
Project("{FAE04EC0-301F-11D3-BF4B-00C04F79EFBC}") = "primeiraParte", "primeiraParte\primeiraParte.csproj", "{F7ED6936-22AE-437F-87B0-EB6DB9666FA4}"
EndProject
Global
	GlobalSection(SolutionConfigurationPlatforms) = preSolution
		Debug|Any CPU = Debug|Any CPU
		Release|Any CPU = Release|Any CPU
	EndGlobalSection
	GlobalSection(ProjectConfigurationPlatforms) = postSolution
		{F7ED6936-22AE-437F-87B0-EB6DB9666FA4}.Debug|Any CPU.ActiveCfg = Debug|Any CPU
		{F7ED6936-22AE-437F-87B0-EB6DB9666FA4}.Debug|Any CPU.Build.0 = Debug|Any CPU
		{F7ED6936-22AE-437F-87B0-EB6DB9666FA4}.Release|Any CPU.ActiveCfg = Release|Any CPU
		{F7ED6936-22AE-437F-87B0-EB6DB9666FA4}.Release|Any CPU.Build.0 = Release|Any CPU
	EndGlobalSection
	GlobalSection(SolutionProperties) = preSolution
		HideSolutionNode = FALSE
	EndGlobalSection
	GlobalSection(ExtensibilityGlobals) = postSolution
		SolutionGuid = {9978F4A6-AC3C-40AF-94AF-BE6A68FE1E82}
	EndGlobalSection
EndGlobal
